// !$*UTF8*$!
{
	archiveVersion = 1;
	classes = {
	};
	objectVersion = 51;
	objects = {

/* Begin PBXBuildFile section */
		3B7547AB24DCBCA100AE1A65 /* SaveRouteViewController.swift in Sources */ = {isa = PBXBuildFile; fileRef = 3B7547A924DCBCA100AE1A65 /* SaveRouteViewController.swift */; };
		3B7547AC24DCBCA100AE1A65 /* SaveRouteViewController.xib in Resources */ = {isa = PBXBuildFile; fileRef = 3B7547AA24DCBCA100AE1A65 /* SaveRouteViewController.xib */; };
		3B7547AE24DCC60A00AE1A65 /* CoreDataManager.swift in Sources */ = {isa = PBXBuildFile; fileRef = 3B7547AD24DCC60A00AE1A65 /* CoreDataManager.swift */; };
		3B7547B024DCC8E300AE1A65 /* SaveRouteViewModel.swift in Sources */ = {isa = PBXBuildFile; fileRef = 3B7547AF24DCC8E300AE1A65 /* SaveRouteViewModel.swift */; };
		3B7547B824DCE57A00AE1A65 /* RouteModel.swift in Sources */ = {isa = PBXBuildFile; fileRef = 3B7547B724DCE57A00AE1A65 /* RouteModel.swift */; };
		3B7547BA24DCE7AF00AE1A65 /* RoutesViewModel.swift in Sources */ = {isa = PBXBuildFile; fileRef = 3B7547B924DCE7AF00AE1A65 /* RoutesViewModel.swift */; };
		3B7547BD24DCEB6400AE1A65 /* RoutesTableViewController.swift in Sources */ = {isa = PBXBuildFile; fileRef = 3B7547BB24DCEB6400AE1A65 /* RoutesTableViewController.swift */; };
		3B7547BE24DCEB6400AE1A65 /* RoutesTableViewController.xib in Resources */ = {isa = PBXBuildFile; fileRef = 3B7547BC24DCEB6400AE1A65 /* RoutesTableViewController.xib */; };
		3B7547C124DCED6D00AE1A65 /* RoutesCell.swift in Sources */ = {isa = PBXBuildFile; fileRef = 3B7547BF24DCED6D00AE1A65 /* RoutesCell.swift */; };
		3B7547C224DCED6D00AE1A65 /* RoutesCell.xib in Resources */ = {isa = PBXBuildFile; fileRef = 3B7547C024DCED6D00AE1A65 /* RoutesCell.xib */; };
		3B7547C424DCF6F200AE1A65 /* RoutesDetailViewModel.swift in Sources */ = {isa = PBXBuildFile; fileRef = 3B7547C324DCF6F200AE1A65 /* RoutesDetailViewModel.swift */; };
		3B7547C624DDC8F200AE1A65 /* Double+Conversions.swift in Sources */ = {isa = PBXBuildFile; fileRef = 3B7547C524DDC8F100AE1A65 /* Double+Conversions.swift */; };
		3B7547C824DDDE2600AE1A65 /* GMSMarker+CustomSize.swift in Sources */ = {isa = PBXBuildFile; fileRef = 3B7547C724DDDE2600AE1A65 /* GMSMarker+CustomSize.swift */; };
		3B9081B924D23C3700288896 /* AppDelegate.swift in Sources */ = {isa = PBXBuildFile; fileRef = 3B9081B824D23C3700288896 /* AppDelegate.swift */; };
		3B9081C324D23C3700288896 /* WalkingRoutes.xcdatamodeld in Sources */ = {isa = PBXBuildFile; fileRef = 3B9081C124D23C3700288896 /* WalkingRoutes.xcdatamodeld */; };
		3B9081C524D23C3A00288896 /* Assets.xcassets in Resources */ = {isa = PBXBuildFile; fileRef = 3B9081C424D23C3A00288896 /* Assets.xcassets */; };
		3B9081C824D23C3A00288896 /* LaunchScreen.storyboard in Resources */ = {isa = PBXBuildFile; fileRef = 3B9081C624D23C3A00288896 /* LaunchScreen.storyboard */; };
		3B9081D924D2458000288896 /* MapRouteViewController.swift in Sources */ = {isa = PBXBuildFile; fileRef = 3B9081D724D2458000288896 /* MapRouteViewController.swift */; };
		3B9081DA24D2458000288896 /* MapRouteViewController.xib in Resources */ = {isa = PBXBuildFile; fileRef = 3B9081D824D2458000288896 /* MapRouteViewController.xib */; };
		3B9081E524D245F800288896 /* RoutesDetailViewController.swift in Sources */ = {isa = PBXBuildFile; fileRef = 3B9081E324D245F800288896 /* RoutesDetailViewController.swift */; };
		3B9081E624D245F800288896 /* RoutesDetailViewController.xib in Resources */ = {isa = PBXBuildFile; fileRef = 3B9081E424D245F800288896 /* RoutesDetailViewController.xib */; };
		3B9081E824D246A000288896 /* CoordinatorViewController.swift in Sources */ = {isa = PBXBuildFile; fileRef = 3B9081E724D246A000288896 /* CoordinatorViewController.swift */; };
		3B9081EA24D24FB900288896 /* UIViewController+CustomPresent.swift in Sources */ = {isa = PBXBuildFile; fileRef = 3B9081E924D24FB900288896 /* UIViewController+CustomPresent.swift */; };
		3B9081EE24D2546C00288896 /* TabBarController.swift in Sources */ = {isa = PBXBuildFile; fileRef = 3B9081ED24D2546C00288896 /* TabBarController.swift */; };
		3B9081F224D26F6900288896 /* MapRouteViewModel.swift in Sources */ = {isa = PBXBuildFile; fileRef = 3B9081F124D26F6900288896 /* MapRouteViewModel.swift */; };
		46E6E09BBF0CF0727500B843 /* Pods_WalkingRoutes.framework in Frameworks */ = {isa = PBXBuildFile; fileRef = 4BAFC47EE4F9B7659113E577 /* Pods_WalkingRoutes.framework */; };
/* End PBXBuildFile section */

/* Begin PBXFileReference section */
		3B7547A924DCBCA100AE1A65 /* SaveRouteViewController.swift */ = {isa = PBXFileReference; lastKnownFileType = sourcecode.swift; path = SaveRouteViewController.swift; sourceTree = "<group>"; };
		3B7547AA24DCBCA100AE1A65 /* SaveRouteViewController.xib */ = {isa = PBXFileReference; lastKnownFileType = file.xib; path = SaveRouteViewController.xib; sourceTree = "<group>"; };
		3B7547AD24DCC60A00AE1A65 /* CoreDataManager.swift */ = {isa = PBXFileReference; lastKnownFileType = sourcecode.swift; path = CoreDataManager.swift; sourceTree = "<group>"; };
		3B7547AF24DCC8E300AE1A65 /* SaveRouteViewModel.swift */ = {isa = PBXFileReference; lastKnownFileType = sourcecode.swift; path = SaveRouteViewModel.swift; sourceTree = "<group>"; };
		3B7547B724DCE57A00AE1A65 /* RouteModel.swift */ = {isa = PBXFileReference; lastKnownFileType = sourcecode.swift; path = RouteModel.swift; sourceTree = "<group>"; };
		3B7547B924DCE7AF00AE1A65 /* RoutesViewModel.swift */ = {isa = PBXFileReference; lastKnownFileType = sourcecode.swift; path = RoutesViewModel.swift; sourceTree = "<group>"; };
		3B7547BB24DCEB6400AE1A65 /* RoutesTableViewController.swift */ = {isa = PBXFileReference; lastKnownFileType = sourcecode.swift; path = RoutesTableViewController.swift; sourceTree = "<group>"; };
		3B7547BC24DCEB6400AE1A65 /* RoutesTableViewController.xib */ = {isa = PBXFileReference; lastKnownFileType = file.xib; path = RoutesTableViewController.xib; sourceTree = "<group>"; };
		3B7547BF24DCED6D00AE1A65 /* RoutesCell.swift */ = {isa = PBXFileReference; lastKnownFileType = sourcecode.swift; path = RoutesCell.swift; sourceTree = "<group>"; };
		3B7547C024DCED6D00AE1A65 /* RoutesCell.xib */ = {isa = PBXFileReference; lastKnownFileType = file.xib; path = RoutesCell.xib; sourceTree = "<group>"; };
		3B7547C324DCF6F200AE1A65 /* RoutesDetailViewModel.swift */ = {isa = PBXFileReference; lastKnownFileType = sourcecode.swift; path = RoutesDetailViewModel.swift; sourceTree = "<group>"; };
		3B7547C524DDC8F100AE1A65 /* Double+Conversions.swift */ = {isa = PBXFileReference; lastKnownFileType = sourcecode.swift; path = "Double+Conversions.swift"; sourceTree = "<group>"; };
		3B7547C724DDDE2600AE1A65 /* GMSMarker+CustomSize.swift */ = {isa = PBXFileReference; lastKnownFileType = sourcecode.swift; path = "GMSMarker+CustomSize.swift"; sourceTree = "<group>"; };
		3B9081B524D23C3700288896 /* WalkingRoutes.app */ = {isa = PBXFileReference; explicitFileType = wrapper.application; includeInIndex = 0; path = WalkingRoutes.app; sourceTree = BUILT_PRODUCTS_DIR; };
		3B9081B824D23C3700288896 /* AppDelegate.swift */ = {isa = PBXFileReference; lastKnownFileType = sourcecode.swift; path = AppDelegate.swift; sourceTree = "<group>"; };
		3B9081C224D23C3700288896 /* WalkingRoutes.xcdatamodel */ = {isa = PBXFileReference; lastKnownFileType = wrapper.xcdatamodel; path = WalkingRoutes.xcdatamodel; sourceTree = "<group>"; };
		3B9081C424D23C3A00288896 /* Assets.xcassets */ = {isa = PBXFileReference; lastKnownFileType = folder.assetcatalog; path = Assets.xcassets; sourceTree = "<group>"; };
		3B9081C724D23C3A00288896 /* Base */ = {isa = PBXFileReference; lastKnownFileType = file.storyboard; name = Base; path = Base.lproj/LaunchScreen.storyboard; sourceTree = "<group>"; };
		3B9081C924D23C3A00288896 /* Info.plist */ = {isa = PBXFileReference; lastKnownFileType = text.plist.xml; path = Info.plist; sourceTree = "<group>"; };
		3B9081D724D2458000288896 /* MapRouteViewController.swift */ = {isa = PBXFileReference; lastKnownFileType = sourcecode.swift; path = MapRouteViewController.swift; sourceTree = "<group>"; };
		3B9081D824D2458000288896 /* MapRouteViewController.xib */ = {isa = PBXFileReference; lastKnownFileType = file.xib; path = MapRouteViewController.xib; sourceTree = "<group>"; };
		3B9081E324D245F800288896 /* RoutesDetailViewController.swift */ = {isa = PBXFileReference; lastKnownFileType = sourcecode.swift; path = RoutesDetailViewController.swift; sourceTree = "<group>"; };
		3B9081E424D245F800288896 /* RoutesDetailViewController.xib */ = {isa = PBXFileReference; lastKnownFileType = file.xib; path = RoutesDetailViewController.xib; sourceTree = "<group>"; };
		3B9081E724D246A000288896 /* CoordinatorViewController.swift */ = {isa = PBXFileReference; lastKnownFileType = sourcecode.swift; path = CoordinatorViewController.swift; sourceTree = "<group>"; };
		3B9081E924D24FB900288896 /* UIViewController+CustomPresent.swift */ = {isa = PBXFileReference; lastKnownFileType = sourcecode.swift; path = "UIViewController+CustomPresent.swift"; sourceTree = "<group>"; };
		3B9081ED24D2546C00288896 /* TabBarController.swift */ = {isa = PBXFileReference; lastKnownFileType = sourcecode.swift; path = TabBarController.swift; sourceTree = "<group>"; };
		3B9081F124D26F6900288896 /* MapRouteViewModel.swift */ = {isa = PBXFileReference; lastKnownFileType = sourcecode.swift; path = MapRouteViewModel.swift; sourceTree = "<group>"; };
		4BAFC47EE4F9B7659113E577 /* Pods_WalkingRoutes.framework */ = {isa = PBXFileReference; explicitFileType = wrapper.framework; includeInIndex = 0; path = Pods_WalkingRoutes.framework; sourceTree = BUILT_PRODUCTS_DIR; };
		7E5EA8C04D59E6234E2B46AE /* Pods-WalkingRoutes.release.xcconfig */ = {isa = PBXFileReference; includeInIndex = 1; lastKnownFileType = text.xcconfig; name = "Pods-WalkingRoutes.release.xcconfig"; path = "Target Support Files/Pods-WalkingRoutes/Pods-WalkingRoutes.release.xcconfig"; sourceTree = "<group>"; };
		FFC1C2BE345697C01E58BEA9 /* Pods-WalkingRoutes.debug.xcconfig */ = {isa = PBXFileReference; includeInIndex = 1; lastKnownFileType = text.xcconfig; name = "Pods-WalkingRoutes.debug.xcconfig"; path = "Target Support Files/Pods-WalkingRoutes/Pods-WalkingRoutes.debug.xcconfig"; sourceTree = "<group>"; };
/* End PBXFileReference section */

/* Begin PBXFrameworksBuildPhase section */
		3B9081B224D23C3700288896 /* Frameworks */ = {
			isa = PBXFrameworksBuildPhase;
			buildActionMask = 2147483647;
			files = (
				46E6E09BBF0CF0727500B843 /* Pods_WalkingRoutes.framework in Frameworks */,
			);
			runOnlyForDeploymentPostprocessing = 0;
		};
/* End PBXFrameworksBuildPhase section */

/* Begin PBXGroup section */
		3B7547B624DCE56B00AE1A65 /* Model */ = {
			isa = PBXGroup;
			children = (
				3B7547B724DCE57A00AE1A65 /* RouteModel.swift */,
			);
			path = Model;
			sourceTree = "<group>";
		};
		3B9081AC24D23C3700288896 = {
			isa = PBXGroup;
			children = (
				3B9081B724D23C3700288896 /* WalkingRoutes */,
				3B9081B624D23C3700288896 /* Products */,
				91B015E462A27F8F24A836BC /* Pods */,
				79F1A7D97CB09E02EC98952F /* Frameworks */,
			);
			sourceTree = "<group>";
		};
		3B9081B624D23C3700288896 /* Products */ = {
			isa = PBXGroup;
			children = (
				3B9081B524D23C3700288896 /* WalkingRoutes.app */,
			);
			name = Products;
			sourceTree = "<group>";
		};
		3B9081B724D23C3700288896 /* WalkingRoutes */ = {
			isa = PBXGroup;
			children = (
				3B9081D624D243AE00288896 /* Navigation */,
				3B9081B824D23C3700288896 /* AppDelegate.swift */,
				3B9081C624D23C3A00288896 /* LaunchScreen.storyboard */,
				3B9081CF24D23E9900288896 /* Map */,
				3B9081D024D2409F00288896 /* Routes */,
				3B9081D224D2413400288896 /* Resources */,
			);
			path = WalkingRoutes;
			sourceTree = "<group>";
		};
		3B9081CF24D23E9900288896 /* Map */ = {
			isa = PBXGroup;
			children = (
				3B9081F024D26C6E00288896 /* ViewModel */,
				3B9081DC24D2458E00288896 /* Controller */,
				3B9081DB24D2458400288896 /* View */,
			);
			path = Map;
			sourceTree = "<group>";
		};
		3B9081D024D2409F00288896 /* Routes */ = {
			isa = PBXGroup;
			children = (
				3B7547B624DCE56B00AE1A65 /* Model */,
				3B9081EF24D263E000288896 /* ViewModel */,
				3B9081DE24D245C400288896 /* Controller */,
				3B9081DD24D245BF00288896 /* View */,
				3B9081D524D2437900288896 /* CoreData */,
			);
			path = Routes;
			sourceTree = "<group>";
		};
		3B9081D224D2413400288896 /* Resources */ = {
			isa = PBXGroup;
			children = (
				3B9081F324D2780300288896 /* Extensions */,
				3B9081C424D23C3A00288896 /* Assets.xcassets */,
				3B9081C924D23C3A00288896 /* Info.plist */,
			);
			path = Resources;
			sourceTree = "<group>";
		};
		3B9081D424D2436B00288896 /* Model */ = {
			isa = PBXGroup;
			children = (
				3B9081C124D23C3700288896 /* WalkingRoutes.xcdatamodeld */,
			);
			path = Model;
			sourceTree = "<group>";
		};
		3B9081D524D2437900288896 /* CoreData */ = {
			isa = PBXGroup;
			children = (
				3B9081D424D2436B00288896 /* Model */,
				3B7547AD24DCC60A00AE1A65 /* CoreDataManager.swift */,
			);
			path = CoreData;
			sourceTree = "<group>";
		};
		3B9081D624D243AE00288896 /* Navigation */ = {
			isa = PBXGroup;
			children = (
				3B9081E724D246A000288896 /* CoordinatorViewController.swift */,
				3B9081ED24D2546C00288896 /* TabBarController.swift */,
			);
			path = Navigation;
			sourceTree = "<group>";
		};
		3B9081DB24D2458400288896 /* View */ = {
			isa = PBXGroup;
			children = (
				3B7547AA24DCBCA100AE1A65 /* SaveRouteViewController.xib */,
				3B9081D824D2458000288896 /* MapRouteViewController.xib */,
			);
			path = View;
			sourceTree = "<group>";
		};
		3B9081DC24D2458E00288896 /* Controller */ = {
			isa = PBXGroup;
			children = (
				3B9081D724D2458000288896 /* MapRouteViewController.swift */,
				3B7547A924DCBCA100AE1A65 /* SaveRouteViewController.swift */,
			);
			path = Controller;
			sourceTree = "<group>";
		};
		3B9081DD24D245BF00288896 /* View */ = {
			isa = PBXGroup;
			children = (
				3B7547BC24DCEB6400AE1A65 /* RoutesTableViewController.xib */,
				3B9081E424D245F800288896 /* RoutesDetailViewController.xib */,
				3B7547BF24DCED6D00AE1A65 /* RoutesCell.swift */,
				3B7547C024DCED6D00AE1A65 /* RoutesCell.xib */,
			);
			path = View;
			sourceTree = "<group>";
		};
		3B9081DE24D245C400288896 /* Controller */ = {
			isa = PBXGroup;
			children = (
				3B9081E324D245F800288896 /* RoutesDetailViewController.swift */,
				3B7547BB24DCEB6400AE1A65 /* RoutesTableViewController.swift */,
			);
			path = Controller;
			sourceTree = "<group>";
		};
		3B9081EF24D263E000288896 /* ViewModel */ = {
			isa = PBXGroup;
			children = (
				3B7547B924DCE7AF00AE1A65 /* RoutesViewModel.swift */,
				3B7547C324DCF6F200AE1A65 /* RoutesDetailViewModel.swift */,
			);
			path = ViewModel;
			sourceTree = "<group>";
		};
		3B9081F024D26C6E00288896 /* ViewModel */ = {
			isa = PBXGroup;
			children = (
				3B9081F124D26F6900288896 /* MapRouteViewModel.swift */,
				3B7547AF24DCC8E300AE1A65 /* SaveRouteViewModel.swift */,
			);
			path = ViewModel;
			sourceTree = "<group>";
		};
		3B9081F324D2780300288896 /* Extensions */ = {
			isa = PBXGroup;
			children = (
				3B9081E924D24FB900288896 /* UIViewController+CustomPresent.swift */,
				3B7547C524DDC8F100AE1A65 /* Double+Conversions.swift */,
				3B7547C724DDDE2600AE1A65 /* GMSMarker+CustomSize.swift */,
			);
			path = Extensions;
			sourceTree = "<group>";
		};
		79F1A7D97CB09E02EC98952F /* Frameworks */ = {
			isa = PBXGroup;
			children = (
				4BAFC47EE4F9B7659113E577 /* Pods_WalkingRoutes.framework */,
			);
			name = Frameworks;
			sourceTree = "<group>";
		};
		91B015E462A27F8F24A836BC /* Pods */ = {
			isa = PBXGroup;
			children = (
				FFC1C2BE345697C01E58BEA9 /* Pods-WalkingRoutes.debug.xcconfig */,
				7E5EA8C04D59E6234E2B46AE /* Pods-WalkingRoutes.release.xcconfig */,
			);
			path = Pods;
			sourceTree = "<group>";
		};
/* End PBXGroup section */

/* Begin PBXNativeTarget section */
		3B9081B424D23C3700288896 /* WalkingRoutes */ = {
			isa = PBXNativeTarget;
			buildConfigurationList = 3B9081CC24D23C3A00288896 /* Build configuration list for PBXNativeTarget "WalkingRoutes" */;
			buildPhases = (
				E910CF4051B9D5E9E373A6FB /* [CP] Check Pods Manifest.lock */,
				3B9081B124D23C3700288896 /* Sources */,
				3B9081B224D23C3700288896 /* Frameworks */,
				3B9081B324D23C3700288896 /* Resources */,
				5BA7721332ADDB22694D13DE /* [CP] Copy Pods Resources */,
			);
			buildRules = (
			);
			dependencies = (
			);
			name = WalkingRoutes;
			productName = WalkingRoutes;
			productReference = 3B9081B524D23C3700288896 /* WalkingRoutes.app */;
			productType = "com.apple.product-type.application";
		};
/* End PBXNativeTarget section */

/* Begin PBXProject section */
		3B9081AD24D23C3700288896 /* Project object */ = {
			isa = PBXProject;
			attributes = {
				LastSwiftUpdateCheck = 1120;
				LastUpgradeCheck = 1120;
				ORGANIZATIONNAME = MrRobot;
				TargetAttributes = {
					3B9081B424D23C3700288896 = {
						CreatedOnToolsVersion = 11.2.1;
					};
				};
			};
			buildConfigurationList = 3B9081B024D23C3700288896 /* Build configuration list for PBXProject "WalkingRoutes" */;
			compatibilityVersion = "Xcode 9.3";
			developmentRegion = en;
			hasScannedForEncodings = 0;
			knownRegions = (
				en,
				Base,
			);
			mainGroup = 3B9081AC24D23C3700288896;
			productRefGroup = 3B9081B624D23C3700288896 /* Products */;
			projectDirPath = "";
			projectRoot = "";
			targets = (
				3B9081B424D23C3700288896 /* WalkingRoutes */,
			);
		};
/* End PBXProject section */

/* Begin PBXResourcesBuildPhase section */
		3B9081B324D23C3700288896 /* Resources */ = {
			isa = PBXResourcesBuildPhase;
			buildActionMask = 2147483647;
			files = (
				3B7547C224DCED6D00AE1A65 /* RoutesCell.xib in Resources */,
				3B9081C824D23C3A00288896 /* LaunchScreen.storyboard in Resources */,
				3B7547AC24DCBCA100AE1A65 /* SaveRouteViewController.xib in Resources */,
				3B9081C524D23C3A00288896 /* Assets.xcassets in Resources */,
				3B9081E624D245F800288896 /* RoutesDetailViewController.xib in Resources */,
				3B9081DA24D2458000288896 /* MapRouteViewController.xib in Resources */,
				3B7547BE24DCEB6400AE1A65 /* RoutesTableViewController.xib in Resources */,
			);
			runOnlyForDeploymentPostprocessing = 0;
		};
/* End PBXResourcesBuildPhase section */

/* Begin PBXShellScriptBuildPhase section */
		5BA7721332ADDB22694D13DE /* [CP] Copy Pods Resources */ = {
			isa = PBXShellScriptBuildPhase;
			buildActionMask = 2147483647;
			files = (
			);
			inputFileListPaths = (
				"${PODS_ROOT}/Target Support Files/Pods-WalkingRoutes/Pods-WalkingRoutes-resources-${CONFIGURATION}-input-files.xcfilelist",
			);
			name = "[CP] Copy Pods Resources";
			outputFileListPaths = (
				"${PODS_ROOT}/Target Support Files/Pods-WalkingRoutes/Pods-WalkingRoutes-resources-${CONFIGURATION}-output-files.xcfilelist",
			);
			runOnlyForDeploymentPostprocessing = 0;
			shellPath = /bin/sh;
			shellScript = "\"${PODS_ROOT}/Target Support Files/Pods-WalkingRoutes/Pods-WalkingRoutes-resources.sh\"\n";
			showEnvVarsInLog = 0;
		};
		E910CF4051B9D5E9E373A6FB /* [CP] Check Pods Manifest.lock */ = {
			isa = PBXShellScriptBuildPhase;
			buildActionMask = 2147483647;
			files = (
			);
			inputFileListPaths = (
			);
			inputPaths = (
				"${PODS_PODFILE_DIR_PATH}/Podfile.lock",
				"${PODS_ROOT}/Manifest.lock",
			);
			name = "[CP] Check Pods Manifest.lock";
			outputFileListPaths = (
			);
			outputPaths = (
				"$(DERIVED_FILE_DIR)/Pods-WalkingRoutes-checkManifestLockResult.txt",
			);
			runOnlyForDeploymentPostprocessing = 0;
			shellPath = /bin/sh;
			shellScript = "diff \"${PODS_PODFILE_DIR_PATH}/Podfile.lock\" \"${PODS_ROOT}/Manifest.lock\" > /dev/null\nif [ $? != 0 ] ; then\n    # print error to STDERR\n    echo \"error: The sandbox is not in sync with the Podfile.lock. Run 'pod install' or update your CocoaPods installation.\" >&2\n    exit 1\nfi\n# This output is used by Xcode 'outputs' to avoid re-running this script phase.\necho \"SUCCESS\" > \"${SCRIPT_OUTPUT_FILE_0}\"\n";
			showEnvVarsInLog = 0;
		};
/* End PBXShellScriptBuildPhase section */

/* Begin PBXSourcesBuildPhase section */
		3B9081B124D23C3700288896 /* Sources */ = {
			isa = PBXSourcesBuildPhase;
			buildActionMask = 2147483647;
			files = (
				3B9081C324D23C3700288896 /* WalkingRoutes.xcdatamodeld in Sources */,
				3B9081B924D23C3700288896 /* AppDelegate.swift in Sources */,
				3B9081E524D245F800288896 /* RoutesDetailViewController.swift in Sources */,
				3B7547C824DDDE2600AE1A65 /* GMSMarker+CustomSize.swift in Sources */,
				3B7547C624DDC8F200AE1A65 /* Double+Conversions.swift in Sources */,
				3B7547B824DCE57A00AE1A65 /* RouteModel.swift in Sources */,
				3B9081EE24D2546C00288896 /* TabBarController.swift in Sources */,
				3B9081F224D26F6900288896 /* MapRouteViewModel.swift in Sources */,
				3B7547BA24DCE7AF00AE1A65 /* RoutesViewModel.swift in Sources */,
				3B7547C424DCF6F200AE1A65 /* RoutesDetailViewModel.swift in Sources */,
				3B7547C124DCED6D00AE1A65 /* RoutesCell.swift in Sources */,
				3B7547B024DCC8E300AE1A65 /* SaveRouteViewModel.swift in Sources */,
				3B9081EA24D24FB900288896 /* UIViewController+CustomPresent.swift in Sources */,
				3B9081D924D2458000288896 /* MapRouteViewController.swift in Sources */,
				3B9081E824D246A000288896 /* CoordinatorViewController.swift in Sources */,
				3B7547AB24DCBCA100AE1A65 /* SaveRouteViewController.swift in Sources */,
				3B7547AE24DCC60A00AE1A65 /* CoreDataManager.swift in Sources */,
				3B7547BD24DCEB6400AE1A65 /* RoutesTableViewController.swift in Sources */,
			);
			runOnlyForDeploymentPostprocessing = 0;
		};
/* End PBXSourcesBuildPhase section */

/* Begin PBXVariantGroup section */
		3B9081C624D23C3A00288896 /* LaunchScreen.storyboard */ = {
			isa = PBXVariantGroup;
			children = (
				3B9081C724D23C3A00288896 /* Base */,
			);
			name = LaunchScreen.storyboard;
			sourceTree = "<group>";
		};
/* End PBXVariantGroup section */

/* Begin XCBuildConfiguration section */
		3B9081CA24D23C3A00288896 /* Debug */ = {
			isa = XCBuildConfiguration;
			buildSettings = {
				ALWAYS_SEARCH_USER_PATHS = NO;
				CLANG_ANALYZER_NONNULL = YES;
				CLANG_ANALYZER_NUMBER_OBJECT_CONVERSION = YES_AGGRESSIVE;
				CLANG_CXX_LANGUAGE_STANDARD = "gnu++14";
				CLANG_CXX_LIBRARY = "libc++";
				CLANG_ENABLE_MODULES = YES;
				CLANG_ENABLE_OBJC_ARC = YES;
				CLANG_ENABLE_OBJC_WEAK = YES;
				CLANG_WARN_BLOCK_CAPTURE_AUTORELEASING = YES;
				CLANG_WARN_BOOL_CONVERSION = YES;
				CLANG_WARN_COMMA = YES;
				CLANG_WARN_CONSTANT_CONVERSION = YES;
				CLANG_WARN_DEPRECATED_OBJC_IMPLEMENTATIONS = YES;
				CLANG_WARN_DIRECT_OBJC_ISA_USAGE = YES_ERROR;
				CLANG_WARN_DOCUMENTATION_COMMENTS = YES;
				CLANG_WARN_EMPTY_BODY = YES;
				CLANG_WARN_ENUM_CONVERSION = YES;
				CLANG_WARN_INFINITE_RECURSION = YES;
				CLANG_WARN_INT_CONVERSION = YES;
				CLANG_WARN_NON_LITERAL_NULL_CONVERSION = YES;
				CLANG_WARN_OBJC_IMPLICIT_RETAIN_SELF = YES;
				CLANG_WARN_OBJC_LITERAL_CONVERSION = YES;
				CLANG_WARN_OBJC_ROOT_CLASS = YES_ERROR;
				CLANG_WARN_RANGE_LOOP_ANALYSIS = YES;
				CLANG_WARN_STRICT_PROTOTYPES = YES;
				CLANG_WARN_SUSPICIOUS_MOVE = YES;
				CLANG_WARN_UNGUARDED_AVAILABILITY = YES_AGGRESSIVE;
				CLANG_WARN_UNREACHABLE_CODE = YES;
				CLANG_WARN__DUPLICATE_METHOD_MATCH = YES;
				COPY_PHASE_STRIP = NO;
				DEBUG_INFORMATION_FORMAT = dwarf;
				ENABLE_STRICT_OBJC_MSGSEND = YES;
				ENABLE_TESTABILITY = YES;
				GCC_C_LANGUAGE_STANDARD = gnu11;
				GCC_DYNAMIC_NO_PIC = NO;
				GCC_NO_COMMON_BLOCKS = YES;
				GCC_OPTIMIZATION_LEVEL = 0;
				GCC_PREPROCESSOR_DEFINITIONS = (
					"DEBUG=1",
					"$(inherited)",
				);
				GCC_WARN_64_TO_32_BIT_CONVERSION = YES;
				GCC_WARN_ABOUT_RETURN_TYPE = YES_ERROR;
				GCC_WARN_UNDECLARED_SELECTOR = YES;
				GCC_WARN_UNINITIALIZED_AUTOS = YES_AGGRESSIVE;
				GCC_WARN_UNUSED_FUNCTION = YES;
				GCC_WARN_UNUSED_VARIABLE = YES;
				IPHONEOS_DEPLOYMENT_TARGET = 11.0;
				MTL_ENABLE_DEBUG_INFO = INCLUDE_SOURCE;
				MTL_FAST_MATH = YES;
				ONLY_ACTIVE_ARCH = YES;
				SDKROOT = iphoneos;
				SWIFT_ACTIVE_COMPILATION_CONDITIONS = DEBUG;
				SWIFT_OPTIMIZATION_LEVEL = "-Onone";
			};
			name = Debug;
		};
		3B9081CB24D23C3A00288896 /* Release */ = {
			isa = XCBuildConfiguration;
			buildSettings = {
				ALWAYS_SEARCH_USER_PATHS = NO;
				CLANG_ANALYZER_NONNULL = YES;
				CLANG_ANALYZER_NUMBER_OBJECT_CONVERSION = YES_AGGRESSIVE;
				CLANG_CXX_LANGUAGE_STANDARD = "gnu++14";
				CLANG_CXX_LIBRARY = "libc++";
				CLANG_ENABLE_MODULES = YES;
				CLANG_ENABLE_OBJC_ARC = YES;
				CLANG_ENABLE_OBJC_WEAK = YES;
				CLANG_WARN_BLOCK_CAPTURE_AUTORELEASING = YES;
				CLANG_WARN_BOOL_CONVERSION = YES;
				CLANG_WARN_COMMA = YES;
				CLANG_WARN_CONSTANT_CONVERSION = YES;
				CLANG_WARN_DEPRECATED_OBJC_IMPLEMENTATIONS = YES;
				CLANG_WARN_DIRECT_OBJC_ISA_USAGE = YES_ERROR;
				CLANG_WARN_DOCUMENTATION_COMMENTS = YES;
				CLANG_WARN_EMPTY_BODY = YES;
				CLANG_WARN_ENUM_CONVERSION = YES;
				CLANG_WARN_INFINITE_RECURSION = YES;
				CLANG_WARN_INT_CONVERSION = YES;
				CLANG_WARN_NON_LITERAL_NULL_CONVERSION = YES;
				CLANG_WARN_OBJC_IMPLICIT_RETAIN_SELF = YES;
				CLANG_WARN_OBJC_LITERAL_CONVERSION = YES;
				CLANG_WARN_OBJC_ROOT_CLASS = YES_ERROR;
				CLANG_WARN_RANGE_LOOP_ANALYSIS = YES;
				CLANG_WARN_STRICT_PROTOTYPES = YES;
				CLANG_WARN_SUSPICIOUS_MOVE = YES;
				CLANG_WARN_UNGUARDED_AVAILABILITY = YES_AGGRESSIVE;
				CLANG_WARN_UNREACHABLE_CODE = YES;
				CLANG_WARN__DUPLICATE_METHOD_MATCH = YES;
				COPY_PHASE_STRIP = NO;
				DEBUG_INFORMATION_FORMAT = "dwarf-with-dsym";
				ENABLE_NS_ASSERTIONS = NO;
				ENABLE_STRICT_OBJC_MSGSEND = YES;
				GCC_C_LANGUAGE_STANDARD = gnu11;
				GCC_NO_COMMON_BLOCKS = YES;
				GCC_WARN_64_TO_32_BIT_CONVERSION = YES;
				GCC_WARN_ABOUT_RETURN_TYPE = YES_ERROR;
				GCC_WARN_UNDECLARED_SELECTOR = YES;
				GCC_WARN_UNINITIALIZED_AUTOS = YES_AGGRESSIVE;
				GCC_WARN_UNUSED_FUNCTION = YES;
				GCC_WARN_UNUSED_VARIABLE = YES;
				IPHONEOS_DEPLOYMENT_TARGET = 11.0;
				MTL_ENABLE_DEBUG_INFO = NO;
				MTL_FAST_MATH = YES;
				SDKROOT = iphoneos;
				SWIFT_COMPILATION_MODE = wholemodule;
				SWIFT_OPTIMIZATION_LEVEL = "-O";
				VALIDATE_PRODUCT = YES;
			};
			name = Release;
		};
		3B9081CD24D23C3A00288896 /* Debug */ = {
			isa = XCBuildConfiguration;
			baseConfigurationReference = FFC1C2BE345697C01E58BEA9 /* Pods-WalkingRoutes.debug.xcconfig */;
			buildSettings = {
				ASSETCATALOG_COMPILER_APPICON_NAME = AppIcon;
				CODE_SIGN_STYLE = Automatic;
				DEVELOPMENT_TEAM = JRC85PS362;
				INFOPLIST_FILE = WalkingRoutes/Resources/Info.plist;
				IPHONEOS_DEPLOYMENT_TARGET = 11.0;
				LD_RUNPATH_SEARCH_PATHS = (
					"$(inherited)",
					"@executable_path/Frameworks",
				);
				PRODUCT_BUNDLE_IDENTIFIER = com.MrRobot.WalkingRoutes;
				PRODUCT_NAME = "$(TARGET_NAME)";
				SWIFT_VERSION = 5.0;
				TARGETED_DEVICE_FAMILY = 1;
			};
			name = Debug;
		};
		3B9081CE24D23C3A00288896 /* Release */ = {
			isa = XCBuildConfiguration;
			baseConfigurationReference = 7E5EA8C04D59E6234E2B46AE /* Pods-WalkingRoutes.release.xcconfig */;
			buildSettings = {
				ASSETCATALOG_COMPILER_APPICON_NAME = AppIcon;
				CODE_SIGN_STYLE = Automatic;
				DEVELOPMENT_TEAM = JRC85PS362;
				INFOPLIST_FILE = WalkingRoutes/Resources/Info.plist;
				IPHONEOS_DEPLOYMENT_TARGET = 11.0;
				LD_RUNPATH_SEARCH_PATHS = (
					"$(inherited)",
					"@executable_path/Frameworks",
				);
				PRODUCT_BUNDLE_IDENTIFIER = com.MrRobot.WalkingRoutes;
				PRODUCT_NAME = "$(TARGET_NAME)";
				SWIFT_VERSION = 5.0;
				TARGETED_DEVICE_FAMILY = 1;
			};
			name = Release;
		};
/* End XCBuildConfiguration section */

/* Begin XCConfigurationList section */
		3B9081B024D23C3700288896 /* Build configuration list for PBXProject "WalkingRoutes" */ = {
			isa = XCConfigurationList;
			buildConfigurations = (
				3B9081CA24D23C3A00288896 /* Debug */,
				3B9081CB24D23C3A00288896 /* Release */,
			);
			defaultConfigurationIsVisible = 0;
			defaultConfigurationName = Release;
		};
		3B9081CC24D23C3A00288896 /* Build configuration list for PBXNativeTarget "WalkingRoutes" */ = {
			isa = XCConfigurationList;
			buildConfigurations = (
				3B9081CD24D23C3A00288896 /* Debug */,
				3B9081CE24D23C3A00288896 /* Release */,
			);
			defaultConfigurationIsVisible = 0;
			defaultConfigurationName = Release;
		};
/* End XCConfigurationList section */

/* Begin XCVersionGroup section */
		3B9081C124D23C3700288896 /* WalkingRoutes.xcdatamodeld */ = {
			isa = XCVersionGroup;
			children = (
				3B9081C224D23C3700288896 /* WalkingRoutes.xcdatamodel */,
			);
			currentVersion = 3B9081C224D23C3700288896 /* WalkingRoutes.xcdatamodel */;
			path = WalkingRoutes.xcdatamodeld;
			sourceTree = "<group>";
			versionGroupType = wrapper.xcdatamodel;
		};
/* End XCVersionGroup section */
	};
	rootObject = 3B9081AD24D23C3700288896 /* Project object */;
}
